// !$*UTF8*$!
{
	archiveVersion = 1;
	classes = {
	};
	objectVersion = 46;
	objects = {

/* Begin PBXBuildFile section */
		171035871CDB903E00C2084F /* PlayingCard.m in Sources */ = {isa = PBXBuildFile; fileRef = 171035861CDB903E00C2084F /* PlayingCard.m */; };
		1710358A1CDB933A00C2084F /* Deck.m in Sources */ = {isa = PBXBuildFile; fileRef = 171035891CDB933A00C2084F /* Deck.m */; };
		1710358D1CDB949C00C2084F /* PlayingCardDeck.m in Sources */ = {isa = PBXBuildFile; fileRef = 1710358C1CDB949C00C2084F /* PlayingCardDeck.m */; };
		17FBC6301CDB677800C541C2 /* main.m in Sources */ = {isa = PBXBuildFile; fileRef = 17FBC62F1CDB677800C541C2 /* main.m */; };
		17FBC6331CDB677800C541C2 /* AppDelegate.m in Sources */ = {isa = PBXBuildFile; fileRef = 17FBC6321CDB677800C541C2 /* AppDelegate.m */; };
		17FBC6361CDB677800C541C2 /* CardGameViewController.m in Sources */ = {isa = PBXBuildFile; fileRef = 17FBC6351CDB677800C541C2 /* CardGameViewController.m */; };
		17FBC6391CDB677800C541C2 /* Main.storyboard in Resources */ = {isa = PBXBuildFile; fileRef = 17FBC6371CDB677800C541C2 /* Main.storyboard */; };
		17FBC63B1CDB677800C541C2 /* Assets.xcassets in Resources */ = {isa = PBXBuildFile; fileRef = 17FBC63A1CDB677800C541C2 /* Assets.xcassets */; };
		17FBC63E1CDB677800C541C2 /* LaunchScreen.storyboard in Resources */ = {isa = PBXBuildFile; fileRef = 17FBC63C1CDB677800C541C2 /* LaunchScreen.storyboard */; };
		17FBC6491CDB677800C541C2 /* MatchismoTests.m in Sources */ = {isa = PBXBuildFile; fileRef = 17FBC6481CDB677800C541C2 /* MatchismoTests.m */; };
		17FBC6541CDB677800C541C2 /* MatchismoUITests.m in Sources */ = {isa = PBXBuildFile; fileRef = 17FBC6531CDB677800C541C2 /* MatchismoUITests.m */; };
		17FBC6641CDB679A00C541C2 /* Card.m in Sources */ = {isa = PBXBuildFile; fileRef = 17FBC6631CDB679A00C541C2 /* Card.m */; };
/* End PBXBuildFile section */

/* Begin PBXContainerItemProxy section */
		17FBC6451CDB677800C541C2 /* PBXContainerItemProxy */ = {
			isa = PBXContainerItemProxy;
			containerPortal = 17FBC6231CDB677800C541C2 /* Project object */;
			proxyType = 1;
			remoteGlobalIDString = 17FBC62A1CDB677800C541C2;
			remoteInfo = Matchismo;
		};
		17FBC6501CDB677800C541C2 /* PBXContainerItemProxy */ = {
			isa = PBXContainerItemProxy;
			containerPortal = 17FBC6231CDB677800C541C2 /* Project object */;
			proxyType = 1;
			remoteGlobalIDString = 17FBC62A1CDB677800C541C2;
			remoteInfo = Matchismo;
		};
/* End PBXContainerItemProxy section */

/* Begin PBXFileReference section */
		171035851CDB903E00C2084F /* PlayingCard.h */ = {isa = PBXFileReference; fileEncoding = 4; lastKnownFileType = sourcecode.c.h; name = PlayingCard.h; path = Model/PlayingCard.h; sourceTree = "<group>"; };
		171035861CDB903E00C2084F /* PlayingCard.m */ = {isa = PBXFileReference; fileEncoding = 4; lastKnownFileType = sourcecode.c.objc; name = PlayingCard.m; path = Model/PlayingCard.m; sourceTree = "<group>"; };
		171035881CDB933A00C2084F /* Deck.h */ = {isa = PBXFileReference; fileEncoding = 4; lastKnownFileType = sourcecode.c.h; name = Deck.h; path = Model/Deck.h; sourceTree = "<group>"; };
		171035891CDB933A00C2084F /* Deck.m */ = {isa = PBXFileReference; fileEncoding = 4; lastKnownFileType = sourcecode.c.objc; name = Deck.m; path = Model/Deck.m; sourceTree = "<group>"; };
		1710358B1CDB949C00C2084F /* PlayingCardDeck.h */ = {isa = PBXFileReference; fileEncoding = 4; lastKnownFileType = sourcecode.c.h; name = PlayingCardDeck.h; path = Model/PlayingCardDeck.h; sourceTree = "<group>"; };
		1710358C1CDB949C00C2084F /* PlayingCardDeck.m */ = {isa = PBXFileReference; fileEncoding = 4; lastKnownFileType = sourcecode.c.objc; name = PlayingCardDeck.m; path = Model/PlayingCardDeck.m; sourceTree = "<group>"; };
		17FBC62B1CDB677800C541C2 /* Matchismo.app */ = {isa = PBXFileReference; explicitFileType = wrapper.application; includeInIndex = 0; path = Matchismo.app; sourceTree = BUILT_PRODUCTS_DIR; };
		17FBC62F1CDB677800C541C2 /* main.m */ = {isa = PBXFileReference; lastKnownFileType = sourcecode.c.objc; path = main.m; sourceTree = "<group>"; };
		17FBC6311CDB677800C541C2 /* AppDelegate.h */ = {isa = PBXFileReference; lastKnownFileType = sourcecode.c.h; path = AppDelegate.h; sourceTree = "<group>"; };
		17FBC6321CDB677800C541C2 /* AppDelegate.m */ = {isa = PBXFileReference; lastKnownFileType = sourcecode.c.objc; path = AppDelegate.m; sourceTree = "<group>"; };
		17FBC6341CDB677800C541C2 /* CardGameViewController.h */ = {isa = PBXFileReference; lastKnownFileType = sourcecode.c.h; path = CardGameViewController.h; sourceTree = "<group>"; };
		17FBC6351CDB677800C541C2 /* CardGameViewController.m */ = {isa = PBXFileReference; lastKnownFileType = sourcecode.c.objc; path = CardGameViewController.m; sourceTree = "<group>"; };
		17FBC6381CDB677800C541C2 /* Base */ = {isa = PBXFileReference; lastKnownFileType = file.storyboard; name = Base; path = Base.lproj/Main.storyboard; sourceTree = "<group>"; };
		17FBC63A1CDB677800C541C2 /* Assets.xcassets */ = {isa = PBXFileReference; lastKnownFileType = folder.assetcatalog; path = Assets.xcassets; sourceTree = "<group>"; };
		17FBC63D1CDB677800C541C2 /* Base */ = {isa = PBXFileReference; lastKnownFileType = file.storyboard; name = Base; path = Base.lproj/LaunchScreen.storyboard; sourceTree = "<group>"; };
		17FBC63F1CDB677800C541C2 /* Info.plist */ = {isa = PBXFileReference; lastKnownFileType = text.plist.xml; path = Info.plist; sourceTree = "<group>"; };
		17FBC6441CDB677800C541C2 /* MatchismoTests.xctest */ = {isa = PBXFileReference; explicitFileType = wrapper.cfbundle; includeInIndex = 0; path = MatchismoTests.xctest; sourceTree = BUILT_PRODUCTS_DIR; };
		17FBC6481CDB677800C541C2 /* MatchismoTests.m */ = {isa = PBXFileReference; lastKnownFileType = sourcecode.c.objc; path = MatchismoTests.m; sourceTree = "<group>"; };
		17FBC64A1CDB677800C541C2 /* Info.plist */ = {isa = PBXFileReference; lastKnownFileType = text.plist.xml; path = Info.plist; sourceTree = "<group>"; };
		17FBC64F1CDB677800C541C2 /* MatchismoUITests.xctest */ = {isa = PBXFileReference; explicitFileType = wrapper.cfbundle; includeInIndex = 0; path = MatchismoUITests.xctest; sourceTree = BUILT_PRODUCTS_DIR; };
		17FBC6531CDB677800C541C2 /* MatchismoUITests.m */ = {isa = PBXFileReference; lastKnownFileType = sourcecode.c.objc; path = MatchismoUITests.m; sourceTree = "<group>"; };
		17FBC6551CDB677800C541C2 /* Info.plist */ = {isa = PBXFileReference; lastKnownFileType = text.plist.xml; path = Info.plist; sourceTree = "<group>"; };
		17FBC6621CDB679A00C541C2 /* Card.h */ = {isa = PBXFileReference; fileEncoding = 4; lastKnownFileType = sourcecode.c.h; name = Card.h; path = Model/Card.h; sourceTree = "<group>"; };
		17FBC6631CDB679A00C541C2 /* Card.m */ = {isa = PBXFileReference; fileEncoding = 4; lastKnownFileType = sourcecode.c.objc; name = Card.m; path = Model/Card.m; sourceTree = "<group>"; };
/* End PBXFileReference section */

/* Begin PBXFrameworksBuildPhase section */
		17FBC6281CDB677800C541C2 /* Frameworks */ = {
			isa = PBXFrameworksBuildPhase;
			buildActionMask = 2147483647;
			files = (
			);
			runOnlyForDeploymentPostprocessing = 0;
		};
		17FBC6411CDB677800C541C2 /* Frameworks */ = {
			isa = PBXFrameworksBuildPhase;
			buildActionMask = 2147483647;
			files = (
			);
			runOnlyForDeploymentPostprocessing = 0;
		};
		17FBC64C1CDB677800C541C2 /* Frameworks */ = {
			isa = PBXFrameworksBuildPhase;
			buildActionMask = 2147483647;
			files = (
			);
			runOnlyForDeploymentPostprocessing = 0;
		};
/* End PBXFrameworksBuildPhase section */

/* Begin PBXGroup section */
		17FBC6221CDB677800C541C2 = {
			isa = PBXGroup;
			children = (
				17FBC62D1CDB677800C541C2 /* Matchismo */,
				17FBC6471CDB677800C541C2 /* MatchismoTests */,
				17FBC6521CDB677800C541C2 /* MatchismoUITests */,
				17FBC62C1CDB677800C541C2 /* Products */,
			);
			sourceTree = "<group>";
		};
		17FBC62C1CDB677800C541C2 /* Products */ = {
			isa = PBXGroup;
			children = (
				17FBC62B1CDB677800C541C2 /* Matchismo.app */,
				17FBC6441CDB677800C541C2 /* MatchismoTests.xctest */,
				17FBC64F1CDB677800C541C2 /* MatchismoUITests.xctest */,
			);
			name = Products;
			sourceTree = "<group>";
		};
		17FBC62D1CDB677800C541C2 /* Matchismo */ = {
			isa = PBXGroup;
			children = (
				17FBC6341CDB677800C541C2 /* CardGameViewController.h */,
				17FBC6351CDB677800C541C2 /* CardGameViewController.m */,
				17FBC6371CDB677800C541C2 /* Main.storyboard */,
				17FBC6611CDB678200C541C2 /* Model */,
				17FBC63A1CDB677800C541C2 /* Assets.xcassets */,
				17FBC63C1CDB677800C541C2 /* LaunchScreen.storyboard */,
				17FBC63F1CDB677800C541C2 /* Info.plist */,
				17FBC62E1CDB677800C541C2 /* Supporting Files */,
			);
			path = Matchismo;
			sourceTree = "<group>";
		};
		17FBC62E1CDB677800C541C2 /* Supporting Files */ = {
			isa = PBXGroup;
			children = (
				17FBC6311CDB677800C541C2 /* AppDelegate.h */,
				17FBC6321CDB677800C541C2 /* AppDelegate.m */,
				17FBC62F1CDB677800C541C2 /* main.m */,
			);
			name = "Supporting Files";
			sourceTree = "<group>";
		};
		17FBC6471CDB677800C541C2 /* MatchismoTests */ = {
			isa = PBXGroup;
			children = (
				17FBC6481CDB677800C541C2 /* MatchismoTests.m */,
				17FBC64A1CDB677800C541C2 /* Info.plist */,
			);
			path = MatchismoTests;
			sourceTree = "<group>";
		};
		17FBC6521CDB677800C541C2 /* MatchismoUITests */ = {
			isa = PBXGroup;
			children = (
				17FBC6531CDB677800C541C2 /* MatchismoUITests.m */,
				17FBC6551CDB677800C541C2 /* Info.plist */,
			);
			path = MatchismoUITests;
			sourceTree = "<group>";
		};
		17FBC6611CDB678200C541C2 /* Model */ = {
			isa = PBXGroup;
			children = (
				17FBC6621CDB679A00C541C2 /* Card.h */,
				17FBC6631CDB679A00C541C2 /* Card.m */,
				171035851CDB903E00C2084F /* PlayingCard.h */,
				171035861CDB903E00C2084F /* PlayingCard.m */,
				171035881CDB933A00C2084F /* Deck.h */,
				171035891CDB933A00C2084F /* Deck.m */,
				1710358B1CDB949C00C2084F /* PlayingCardDeck.h */,
				1710358C1CDB949C00C2084F /* PlayingCardDeck.m */,
			);
			name = Model;
			sourceTree = "<group>";
		};
/* End PBXGroup section */

/* Begin PBXNativeTarget section */
		17FBC62A1CDB677800C541C2 /* Matchismo */ = {
			isa = PBXNativeTarget;
			buildConfigurationList = 17FBC6581CDB677800C541C2 /* Build configuration list for PBXNativeTarget "Matchismo" */;
			buildPhases = (
				17FBC6271CDB677800C541C2 /* Sources */,
				17FBC6281CDB677800C541C2 /* Frameworks */,
				17FBC6291CDB677800C541C2 /* Resources */,
			);
			buildRules = (
			);
			dependencies = (
			);
			name = Matchismo;
			productName = Matchismo;
			productReference = 17FBC62B1CDB677800C541C2 /* Matchismo.app */;
			productType = "com.apple.product-type.application";
		};
		17FBC6431CDB677800C541C2 /* MatchismoTests */ = {
			isa = PBXNativeTarget;
			buildConfigurationList = 17FBC65B1CDB677800C541C2 /* Build configuration list for PBXNativeTarget "MatchismoTests" */;
			buildPhases = (
				17FBC6401CDB677800C541C2 /* Sources */,
				17FBC6411CDB677800C541C2 /* Frameworks */,
				17FBC6421CDB677800C541C2 /* Resources */,
			);
			buildRules = (
			);
			dependencies = (
				17FBC6461CDB677800C541C2 /* PBXTargetDependency */,
			);
			name = MatchismoTests;
			productName = MatchismoTests;
			productReference = 17FBC6441CDB677800C541C2 /* MatchismoTests.xctest */;
			productType = "com.apple.product-type.bundle.unit-test";
		};
		17FBC64E1CDB677800C541C2 /* MatchismoUITests */ = {
			isa = PBXNativeTarget;
			buildConfigurationList = 17FBC65E1CDB677800C541C2 /* Build configuration list for PBXNativeTarget "MatchismoUITests" */;
			buildPhases = (
				17FBC64B1CDB677800C541C2 /* Sources */,
				17FBC64C1CDB677800C541C2 /* Frameworks */,
				17FBC64D1CDB677800C541C2 /* Resources */,
			);
			buildRules = (
			);
			dependencies = (
				17FBC6511CDB677800C541C2 /* PBXTargetDependency */,
			);
			name = MatchismoUITests;
			productName = MatchismoUITests;
			productReference = 17FBC64F1CDB677800C541C2 /* MatchismoUITests.xctest */;
			productType = "com.apple.product-type.bundle.ui-testing";
		};
/* End PBXNativeTarget section */

/* Begin PBXProject section */
		17FBC6231CDB677800C541C2 /* Project object */ = {
			isa = PBXProject;
			attributes = {
				LastUpgradeCheck = 0730;
				ORGANIZATIONNAME = "Anh Vu Mai";
				TargetAttributes = {
					17FBC62A1CDB677800C541C2 = {
						CreatedOnToolsVersion = 7.3;
					};
					17FBC6431CDB677800C541C2 = {
						CreatedOnToolsVersion = 7.3;
						TestTargetID = 17FBC62A1CDB677800C541C2;
					};
					17FBC64E1CDB677800C541C2 = {
						CreatedOnToolsVersion = 7.3;
						TestTargetID = 17FBC62A1CDB677800C541C2;
					};
				};
			};
			buildConfigurationList = 17FBC6261CDB677800C541C2 /* Build configuration list for PBXProject "Matchismo" */;
			compatibilityVersion = "Xcode 3.2";
			developmentRegion = English;
			hasScannedForEncodings = 0;
			knownRegions = (
				en,
				Base,
			);
			mainGroup = 17FBC6221CDB677800C541C2;
			productRefGroup = 17FBC62C1CDB677800C541C2 /* Products */;
			projectDirPath = "";
			projectRoot = "";
			targets = (
				17FBC62A1CDB677800C541C2 /* Matchismo */,
				17FBC6431CDB677800C541C2 /* MatchismoTests */,
				17FBC64E1CDB677800C541C2 /* MatchismoUITests */,
			);
		};
/* End PBXProject section */

/* Begin PBXResourcesBuildPhase section */
		17FBC6291CDB677800C541C2 /* Resources */ = {
			isa = PBXResourcesBuildPhase;
			buildActionMask = 2147483647;
			files = (
				17FBC63E1CDB677800C541C2 /* LaunchScreen.storyboard in Resources */,
				17FBC63B1CDB677800C541C2 /* Assets.xcassets in Resources */,
				17FBC6391CDB677800C541C2 /* Main.storyboard in Resources */,
			);
			runOnlyForDeploymentPostprocessing = 0;
		};
		17FBC6421CDB677800C541C2 /* Resources */ = {
			isa = PBXResourcesBuildPhase;
			buildActionMask = 2147483647;
			files = (
			);
			runOnlyForDeploymentPostprocessing = 0;
		};
		17FBC64D1CDB677800C541C2 /* Resources */ = {
			isa = PBXResourcesBuildPhase;
			buildActionMask = 2147483647;
			files = (
			);
			runOnlyForDeploymentPostprocessing = 0;
		};
/* End PBXResourcesBuildPhase section */

/* Begin PBXSourcesBuildPhase section */
		17FBC6271CDB677800C541C2 /* Sources */ = {
			isa = PBXSourcesBuildPhase;
			buildActionMask = 2147483647;
			files = (
				17FBC6361CDB677800C541C2 /* CardGameViewController.m in Sources */,
				17FBC6331CDB677800C541C2 /* AppDelegate.m in Sources */,
				17FBC6301CDB677800C541C2 /* main.m in Sources */,
				171035871CDB903E00C2084F /* PlayingCard.m in Sources */,
				1710358D1CDB949C00C2084F /* PlayingCardDeck.m in Sources */,
				1710358A1CDB933A00C2084F /* Deck.m in Sources */,
				17FBC6641CDB679A00C541C2 /* Card.m in Sources */,
			);
			runOnlyForDeploymentPostprocessing = 0;
		};
		17FBC6401CDB677800C541C2 /* Sources */ = {
			isa = PBXSourcesBuildPhase;
			buildActionMask = 2147483647;
			files = (
				17FBC6491CDB677800C541C2 /* MatchismoTests.m in Sources */,
			);
			runOnlyForDeploymentPostprocessing = 0;
		};
		17FBC64B1CDB677800C541C2 /* Sources */ = {
			isa = PBXSourcesBuildPhase;
			buildActionMask = 2147483647;
			files = (
				17FBC6541CDB677800C541C2 /* MatchismoUITests.m in Sources */,
			);
			runOnlyForDeploymentPostprocessing = 0;
		};
/* End PBXSourcesBuildPhase section */

/* Begin PBXTargetDependency section */
		17FBC6461CDB677800C541C2 /* PBXTargetDependency */ = {
			isa = PBXTargetDependency;
			target = 17FBC62A1CDB677800C541C2 /* Matchismo */;
			targetProxy = 17FBC6451CDB677800C541C2 /* PBXContainerItemProxy */;
		};
		17FBC6511CDB677800C541C2 /* PBXTargetDependency */ = {
			isa = PBXTargetDependency;
			target = 17FBC62A1CDB677800C541C2 /* Matchismo */;
			targetProxy = 17FBC6501CDB677800C541C2 /* PBXContainerItemProxy */;
		};
/* End PBXTargetDependency section */

/* Begin PBXVariantGroup section */
		17FBC6371CDB677800C541C2 /* Main.storyboard */ = {
			isa = PBXVariantGroup;
			children = (
				17FBC6381CDB677800C541C2 /* Base */,
			);
			name = Main.storyboard;
			sourceTree = "<group>";
		};
		17FBC63C1CDB677800C541C2 /* LaunchScreen.storyboard */ = {
			isa = PBXVariantGroup;
			children = (
				17FBC63D1CDB677800C541C2 /* Base */,
			);
			name = LaunchScreen.storyboard;
			sourceTree = "<group>";
		};
/* End PBXVariantGroup section */

/* Begin XCBuildConfiguration section */
		17FBC6561CDB677800C541C2 /* Debug */ = {
			isa = XCBuildConfiguration;
			buildSettings = {
				ALWAYS_SEARCH_USER_PATHS = NO;
				CLANG_ANALYZER_NONNULL = YES;
				CLANG_CXX_LANGUAGE_STANDARD = "gnu++0x";
				CLANG_CXX_LIBRARY = "libc++";
				CLANG_ENABLE_MODULES = YES;
				CLANG_ENABLE_OBJC_ARC = YES;
				CLANG_WARN_BOOL_CONVERSION = YES;
				CLANG_WARN_CONSTANT_CONVERSION = YES;
				CLANG_WARN_DIRECT_OBJC_ISA_USAGE = YES_ERROR;
				CLANG_WARN_EMPTY_BODY = YES;
				CLANG_WARN_ENUM_CONVERSION = YES;
				CLANG_WARN_INT_CONVERSION = YES;
				CLANG_WARN_OBJC_ROOT_CLASS = YES_ERROR;
				CLANG_WARN_UNREACHABLE_CODE = YES;
				CLANG_WARN__DUPLICATE_METHOD_MATCH = YES;
				"CODE_SIGN_IDENTITY[sdk=iphoneos*]" = "iPhone Developer";
				COPY_PHASE_STRIP = NO;
				DEBUG_INFORMATION_FORMAT = dwarf;
				ENABLE_STRICT_OBJC_MSGSEND = YES;
				ENABLE_TESTABILITY = YES;
				GCC_C_LANGUAGE_STANDARD = gnu99;
				GCC_DYNAMIC_NO_PIC = NO;
				GCC_NO_COMMON_BLOCKS = YES;
				GCC_OPTIMIZATION_LEVEL = 0;
				GCC_PREPROCESSOR_DEFINITIONS = (
					"DEBUG=1",
					"$(inherited)",
				);
				GCC_WARN_64_TO_32_BIT_CONVERSION = YES;
				GCC_WARN_ABOUT_RETURN_TYPE = YES_ERROR;
				GCC_WARN_UNDECLARED_SELECTOR = YES;
				GCC_WARN_UNINITIALIZED_AUTOS = YES_AGGRESSIVE;
				GCC_WARN_UNUSED_FUNCTION = YES;
				GCC_WARN_UNUSED_VARIABLE = YES;
				IPHONEOS_DEPLOYMENT_TARGET = 9.3;
				MTL_ENABLE_DEBUG_INFO = YES;
				ONLY_ACTIVE_ARCH = YES;
				SDKROOT = iphoneos;
			};
			name = Debug;
		};
		17FBC6571CDB677800C541C2 /* Release */ = {
			isa = XCBuildConfiguration;
			buildSettings = {
				ALWAYS_SEARCH_USER_PATHS = NO;
				CLANG_ANALYZER_NONNULL = YES;
				CLANG_CXX_LANGUAGE_STANDARD = "gnu++0x";
				CLANG_CXX_LIBRARY = "libc++";
				CLANG_ENABLE_MODULES = YES;
				CLANG_ENABLE_OBJC_ARC = YES;
				CLANG_WARN_BOOL_CONVERSION = YES;
				CLANG_WARN_CONSTANT_CONVERSION = YES;
				CLANG_WARN_DIRECT_OBJC_ISA_USAGE = YES_ERROR;
				CLANG_WARN_EMPTY_BODY = YES;
				CLANG_WARN_ENUM_CONVERSION = YES;
				CLANG_WARN_INT_CONVERSION = YES;
				CLANG_WARN_OBJC_ROOT_CLASS = YES_ERROR;
				CLANG_WARN_UNREACHABLE_CODE = YES;
				CLANG_WARN__DUPLICATE_METHOD_MATCH = YES;
				"CODE_SIGN_IDENTITY[sdk=iphoneos*]" = "iPhone Developer";
				COPY_PHASE_STRIP = NO;
				DEBUG_INFORMATION_FORMAT = "dwarf-with-dsym";
				ENABLE_NS_ASSERTIONS = NO;
				ENABLE_STRICT_OBJC_MSGSEND = YES;
				GCC_C_LANGUAGE_STANDARD = gnu99;
				GCC_NO_COMMON_BLOCKS = YES;
				GCC_WARN_64_TO_32_BIT_CONVERSION = YES;
				GCC_WARN_ABOUT_RETURN_TYPE = YES_ERROR;
				GCC_WARN_UNDECLARED_SELECTOR = YES;
				GCC_WARN_UNINITIALIZED_AUTOS = YES_AGGRESSIVE;
				GCC_WARN_UNUSED_FUNCTION = YES;
				GCC_WARN_UNUSED_VARIABLE = YES;
				IPHONEOS_DEPLOYMENT_TARGET = 9.3;
				MTL_ENABLE_DEBUG_INFO = NO;
				SDKROOT = iphoneos;
				VALIDATE_PRODUCT = YES;
			};
			name = Release;
		};
		17FBC6591CDB677800C541C2 /* Debug */ = {
			isa = XCBuildConfiguration;
			buildSettings = {
				ASSETCATALOG_COMPILER_APPICON_NAME = AppIcon;
				INFOPLIST_FILE = Matchismo/Info.plist;
				LD_RUNPATH_SEARCH_PATHS = "$(inherited) @executable_path/Frameworks";
				PRODUCT_BUNDLE_IDENTIFIER = com.maianhvu.ios.Matchismo;
				PRODUCT_NAME = "$(TARGET_NAME)";
			};
			name = Debug;
		};
		17FBC65A1CDB677800C541C2 /* Release */ = {
			isa = XCBuildConfiguration;
			buildSettings = {
				ASSETCATALOG_COMPILER_APPICON_NAME = AppIcon;
				INFOPLIST_FILE = Matchismo/Info.plist;
				LD_RUNPATH_SEARCH_PATHS = "$(inherited) @executable_path/Frameworks";
				PRODUCT_BUNDLE_IDENTIFIER = com.maianhvu.ios.Matchismo;
				PRODUCT_NAME = "$(TARGET_NAME)";
			};
			name = Release;
		};
		17FBC65C1CDB677800C541C2 /* Debug */ = {
			isa = XCBuildConfiguration;
			buildSettings = {
				BUNDLE_LOADER = "$(TEST_HOST)";
				INFOPLIST_FILE = MatchismoTests/Info.plist;
				LD_RUNPATH_SEARCH_PATHS = "$(inherited) @executable_path/Frameworks @loader_path/Frameworks";
				PRODUCT_BUNDLE_IDENTIFIER = com.maianhvu.ios.MatchismoTests;
				PRODUCT_NAME = "$(TARGET_NAME)";
				TEST_HOST = "$(BUILT_PRODUCTS_DIR)/Matchismo.app/Matchismo";
			};
			name = Debug;
		};
		17FBC65D1CDB677800C541C2 /* Release */ = {
			isa = XCBuildConfiguration;
			buildSettings = {
				BUNDLE_LOADER = "$(TEST_HOST)";
				INFOPLIST_FILE = MatchismoTests/Info.plist;
				LD_RUNPATH_SEARCH_PATHS = "$(inherited) @executable_path/Frameworks @loader_path/Frameworks";
				PRODUCT_BUNDLE_IDENTIFIER = com.maianhvu.ios.MatchismoTests;
				PRODUCT_NAME = "$(TARGET_NAME)";
				TEST_HOST = "$(BUILT_PRODUCTS_DIR)/Matchismo.app/Matchismo";
			};
			name = Release;
		};
		17FBC65F1CDB677800C541C2 /* Debug */ = {
			isa = XCBuildConfiguration;
			buildSettings = {
				INFOPLIST_FILE = MatchismoUITests/Info.plist;
				LD_RUNPATH_SEARCH_PATHS = "$(inherited) @executable_path/Frameworks @loader_path/Frameworks";
				PRODUCT_BUNDLE_IDENTIFIER = com.maianhvu.ios.MatchismoUITests;
				PRODUCT_NAME = "$(TARGET_NAME)";
				TEST_TARGET_NAME = Matchismo;
			};
			name = Debug;
		};
		17FBC6601CDB677800C541C2 /* Release */ = {
			isa = XCBuildConfiguration;
			buildSettings = {
				INFOPLIST_FILE = MatchismoUITests/Info.plist;
				LD_RUNPATH_SEARCH_PATHS = "$(inherited) @executable_path/Frameworks @loader_path/Frameworks";
				PRODUCT_BUNDLE_IDENTIFIER = com.maianhvu.ios.MatchismoUITests;
				PRODUCT_NAME = "$(TARGET_NAME)";
				TEST_TARGET_NAME = Matchismo;
			};
			name = Release;
		};
/* End XCBuildConfiguration section */

/* Begin XCConfigurationList section */
		17FBC6261CDB677800C541C2 /* Build configuration list for PBXProject "Matchismo" */ = {
			isa = XCConfigurationList;
			buildConfigurations = (
				17FBC6561CDB677800C541C2 /* Debug */,
				17FBC6571CDB677800C541C2 /* Release */,
			);
			defaultConfigurationIsVisible = 0;
			defaultConfigurationName = Release;
		};
		17FBC6581CDB677800C541C2 /* Build configuration list for PBXNativeTarget "Matchismo" */ = {
			isa = XCConfigurationList;
			buildConfigurations = (
				17FBC6591CDB677800C541C2 /* Debug */,
				17FBC65A1CDB677800C541C2 /* Release */,
			);
			defaultConfigurationIsVisible = 0;
			defaultConfigurationName = Release;
		};
		17FBC65B1CDB677800C541C2 /* Build configuration list for PBXNativeTarget "MatchismoTests" */ = {
			isa = XCConfigurationList;
			buildConfigurations = (
				17FBC65C1CDB677800C541C2 /* Debug */,
				17FBC65D1CDB677800C541C2 /* Release */,
			);
			defaultConfigurationIsVisible = 0;
			defaultConfigurationName = Release;
		};
		17FBC65E1CDB677800C541C2 /* Build configuration list for PBXNativeTarget "MatchismoUITests" */ = {
			isa = XCConfigurationList;
			buildConfigurations = (
				17FBC65F1CDB677800C541C2 /* Debug */,
				17FBC6601CDB677800C541C2 /* Release */,
			);
			defaultConfigurationIsVisible = 0;
			defaultConfigurationName = Release;
		};
/* End XCConfigurationList section */
	};
	rootObject = 17FBC6231CDB677800C541C2 /* Project object */;
}
